// !$*UTF8*$!
{
	archiveVersion = 1;
	classes = {
	};
	objectVersion = 50;
	objects = {

/* Begin PBXBuildFile section */
		70E51D975216A82C05371804 /* Pods_UberClone.framework in Frameworks */ = {isa = PBXBuildFile; fileRef = E0E597D0D233541944A92F10 /* Pods_UberClone.framework */; };
		C90B2B8323DCB5ED009A0EBE /* HomeController.swift in Sources */ = {isa = PBXBuildFile; fileRef = C90B2B8223DCB5ED009A0EBE /* HomeController.swift */; };
		C90B2B8523DD23AB009A0EBE /* LocationInputActivationView.swift in Sources */ = {isa = PBXBuildFile; fileRef = C90B2B8423DD23AB009A0EBE /* LocationInputActivationView.swift */; };
		C90B2B8723DD30A7009A0EBE /* LocationInputView.swift in Sources */ = {isa = PBXBuildFile; fileRef = C90B2B8623DD30A7009A0EBE /* LocationInputView.swift */; };
		C90B2B8923DE0E06009A0EBE /* LocationCell.swift in Sources */ = {isa = PBXBuildFile; fileRef = C90B2B8823DE0E06009A0EBE /* LocationCell.swift */; };
		C90B2B8B23DE88B0009A0EBE /* Service.swift in Sources */ = {isa = PBXBuildFile; fileRef = C90B2B8A23DE88B0009A0EBE /* Service.swift */; };
		C90B2B8D23DE93A1009A0EBE /* User.swift in Sources */ = {isa = PBXBuildFile; fileRef = C90B2B8C23DE93A1009A0EBE /* User.swift */; };
		C90B2B8F23DE9D2C009A0EBE /* LocationHandler.swift in Sources */ = {isa = PBXBuildFile; fileRef = C90B2B8E23DE9D2C009A0EBE /* LocationHandler.swift */; };
		C90B2B9123DFCCEF009A0EBE /* DriverAnnotation.swift in Sources */ = {isa = PBXBuildFile; fileRef = C90B2B9023DFCCEF009A0EBE /* DriverAnnotation.swift */; };
		C9A3C1EE23E27D98008A0915 /* RideActionView.swift in Sources */ = {isa = PBXBuildFile; fileRef = C9A3C1ED23E27D98008A0915 /* RideActionView.swift */; };
		C9D6988F23DB60A500D6C23E /* AppDelegate.swift in Sources */ = {isa = PBXBuildFile; fileRef = C9D6988E23DB60A500D6C23E /* AppDelegate.swift */; };
		C9D6989123DB60A500D6C23E /* SceneDelegate.swift in Sources */ = {isa = PBXBuildFile; fileRef = C9D6989023DB60A500D6C23E /* SceneDelegate.swift */; };
		C9D6989623DB60A500D6C23E /* Main.storyboard in Resources */ = {isa = PBXBuildFile; fileRef = C9D6989423DB60A500D6C23E /* Main.storyboard */; };
		C9D6989823DB60A600D6C23E /* Assets.xcassets in Resources */ = {isa = PBXBuildFile; fileRef = C9D6989723DB60A600D6C23E /* Assets.xcassets */; };
		C9D6989B23DB60A600D6C23E /* LaunchScreen.storyboard in Resources */ = {isa = PBXBuildFile; fileRef = C9D6989923DB60A600D6C23E /* LaunchScreen.storyboard */; };
		C9D698A923DB63AD00D6C23E /* LoginController.swift in Sources */ = {isa = PBXBuildFile; fileRef = C9D698A823DB63AD00D6C23E /* LoginController.swift */; };
		C9D698AB23DB837700D6C23E /* extensions.swift in Sources */ = {isa = PBXBuildFile; fileRef = C9D698AA23DB837700D6C23E /* extensions.swift */; };
		C9D698AD23DBC0AB00D6C23E /* SignUpController.swift in Sources */ = {isa = PBXBuildFile; fileRef = C9D698AC23DBC0AB00D6C23E /* SignUpController.swift */; };
		C9D698AF23DBCF7900D6C23E /* AuthButton.swift in Sources */ = {isa = PBXBuildFile; fileRef = C9D698AE23DBCF7900D6C23E /* AuthButton.swift */; };
		C9D698B123DBD81F00D6C23E /* GoogleService-Info.plist in Resources */ = {isa = PBXBuildFile; fileRef = C9D698B023DBD81F00D6C23E /* GoogleService-Info.plist */; };
/* End PBXBuildFile section */

/* Begin PBXFileReference section */
		76E1E663C25273FEA66FE322 /* Pods-UberClone.release.xcconfig */ = {isa = PBXFileReference; includeInIndex = 1; lastKnownFileType = text.xcconfig; name = "Pods-UberClone.release.xcconfig"; path = "Target Support Files/Pods-UberClone/Pods-UberClone.release.xcconfig"; sourceTree = "<group>"; };
		7F7A2441B1257D54FC3E19A1 /* Pods-UberClone.debug.xcconfig */ = {isa = PBXFileReference; includeInIndex = 1; lastKnownFileType = text.xcconfig; name = "Pods-UberClone.debug.xcconfig"; path = "Target Support Files/Pods-UberClone/Pods-UberClone.debug.xcconfig"; sourceTree = "<group>"; };
		C90B2B8223DCB5ED009A0EBE /* HomeController.swift */ = {isa = PBXFileReference; lastKnownFileType = sourcecode.swift; path = HomeController.swift; sourceTree = "<group>"; };
		C90B2B8423DD23AB009A0EBE /* LocationInputActivationView.swift */ = {isa = PBXFileReference; lastKnownFileType = sourcecode.swift; path = LocationInputActivationView.swift; sourceTree = "<group>"; };
		C90B2B8623DD30A7009A0EBE /* LocationInputView.swift */ = {isa = PBXFileReference; lastKnownFileType = sourcecode.swift; path = LocationInputView.swift; sourceTree = "<group>"; };
		C90B2B8823DE0E06009A0EBE /* LocationCell.swift */ = {isa = PBXFileReference; lastKnownFileType = sourcecode.swift; path = LocationCell.swift; sourceTree = "<group>"; };
		C90B2B8A23DE88B0009A0EBE /* Service.swift */ = {isa = PBXFileReference; lastKnownFileType = sourcecode.swift; path = Service.swift; sourceTree = "<group>"; };
		C90B2B8C23DE93A1009A0EBE /* User.swift */ = {isa = PBXFileReference; lastKnownFileType = sourcecode.swift; path = User.swift; sourceTree = "<group>"; };
		C90B2B8E23DE9D2C009A0EBE /* LocationHandler.swift */ = {isa = PBXFileReference; lastKnownFileType = sourcecode.swift; path = LocationHandler.swift; sourceTree = "<group>"; };
		C90B2B9023DFCCEF009A0EBE /* DriverAnnotation.swift */ = {isa = PBXFileReference; lastKnownFileType = sourcecode.swift; path = DriverAnnotation.swift; sourceTree = "<group>"; };
		C9A3C1ED23E27D98008A0915 /* RideActionView.swift */ = {isa = PBXFileReference; lastKnownFileType = sourcecode.swift; path = RideActionView.swift; sourceTree = "<group>"; };
		C9D6988B23DB60A500D6C23E /* UberClone.app */ = {isa = PBXFileReference; explicitFileType = wrapper.application; includeInIndex = 0; path = UberClone.app; sourceTree = BUILT_PRODUCTS_DIR; };
		C9D6988E23DB60A500D6C23E /* AppDelegate.swift */ = {isa = PBXFileReference; lastKnownFileType = sourcecode.swift; path = AppDelegate.swift; sourceTree = "<group>"; };
		C9D6989023DB60A500D6C23E /* SceneDelegate.swift */ = {isa = PBXFileReference; lastKnownFileType = sourcecode.swift; path = SceneDelegate.swift; sourceTree = "<group>"; };
		C9D6989523DB60A500D6C23E /* Base */ = {isa = PBXFileReference; lastKnownFileType = file.storyboard; name = Base; path = Base.lproj/Main.storyboard; sourceTree = "<group>"; };
		C9D6989723DB60A600D6C23E /* Assets.xcassets */ = {isa = PBXFileReference; lastKnownFileType = folder.assetcatalog; path = Assets.xcassets; sourceTree = "<group>"; };
		C9D6989A23DB60A600D6C23E /* Base */ = {isa = PBXFileReference; lastKnownFileType = file.storyboard; name = Base; path = Base.lproj/LaunchScreen.storyboard; sourceTree = "<group>"; };
		C9D6989C23DB60A600D6C23E /* Info.plist */ = {isa = PBXFileReference; lastKnownFileType = text.plist.xml; path = Info.plist; sourceTree = "<group>"; };
		C9D698A823DB63AD00D6C23E /* LoginController.swift */ = {isa = PBXFileReference; lastKnownFileType = sourcecode.swift; path = LoginController.swift; sourceTree = "<group>"; };
		C9D698AA23DB837700D6C23E /* extensions.swift */ = {isa = PBXFileReference; lastKnownFileType = sourcecode.swift; path = extensions.swift; sourceTree = "<group>"; };
		C9D698AC23DBC0AB00D6C23E /* SignUpController.swift */ = {isa = PBXFileReference; lastKnownFileType = sourcecode.swift; path = SignUpController.swift; sourceTree = "<group>"; };
		C9D698AE23DBCF7900D6C23E /* AuthButton.swift */ = {isa = PBXFileReference; lastKnownFileType = sourcecode.swift; path = AuthButton.swift; sourceTree = "<group>"; };
		C9D698B023DBD81F00D6C23E /* GoogleService-Info.plist */ = {isa = PBXFileReference; lastKnownFileType = text.plist; path = "GoogleService-Info.plist"; sourceTree = SOURCE_ROOT; };
		E0E597D0D233541944A92F10 /* Pods_UberClone.framework */ = {isa = PBXFileReference; explicitFileType = wrapper.framework; includeInIndex = 0; path = Pods_UberClone.framework; sourceTree = BUILT_PRODUCTS_DIR; };
/* End PBXFileReference section */

/* Begin PBXFrameworksBuildPhase section */
		C9D6988823DB60A500D6C23E /* Frameworks */ = {
			isa = PBXFrameworksBuildPhase;
			buildActionMask = 2147483647;
			files = (
				70E51D975216A82C05371804 /* Pods_UberClone.framework in Frameworks */,
			);
			runOnlyForDeploymentPostprocessing = 0;
		};
/* End PBXFrameworksBuildPhase section */

/* Begin PBXGroup section */
		23B1CEB9E386273A8DA1FD7D /* Frameworks */ = {
			isa = PBXGroup;
			children = (
				E0E597D0D233541944A92F10 /* Pods_UberClone.framework */,
			);
			name = Frameworks;
			sourceTree = "<group>";
		};
		9404939EA3E9933DFBE5D02A /* Pods */ = {
			isa = PBXGroup;
			children = (
				7F7A2441B1257D54FC3E19A1 /* Pods-UberClone.debug.xcconfig */,
				76E1E663C25273FEA66FE322 /* Pods-UberClone.release.xcconfig */,
			);
			path = Pods;
			sourceTree = "<group>";
		};
		C9D6988223DB60A500D6C23E = {
			isa = PBXGroup;
			children = (
				C9D6988D23DB60A500D6C23E /* UberClone */,
				C9D6988C23DB60A500D6C23E /* Products */,
				9404939EA3E9933DFBE5D02A /* Pods */,
				23B1CEB9E386273A8DA1FD7D /* Frameworks */,
			);
			sourceTree = "<group>";
		};
		C9D6988C23DB60A500D6C23E /* Products */ = {
			isa = PBXGroup;
			children = (
				C9D6988B23DB60A500D6C23E /* UberClone.app */,
			);
			name = Products;
			sourceTree = "<group>";
		};
		C9D6988D23DB60A500D6C23E /* UberClone */ = {
			isa = PBXGroup;
			children = (
				C9D698A723DB616100D6C23E /* Model */,
				C9D698A623DB615E00D6C23E /* View */,
				C9D698A523DB615C00D6C23E /* Controller */,
				C9D698A423DB615900D6C23E /* Service */,
				C9D698A223DB614900D6C23E /* Utilities */,
				C9D6988E23DB60A500D6C23E /* AppDelegate.swift */,
				C9D6989023DB60A500D6C23E /* SceneDelegate.swift */,
				C9D6989423DB60A500D6C23E /* Main.storyboard */,
				C9D6989723DB60A600D6C23E /* Assets.xcassets */,
				C9D6989923DB60A600D6C23E /* LaunchScreen.storyboard */,
				C9D6989C23DB60A600D6C23E /* Info.plist */,
				C9D698B023DBD81F00D6C23E /* GoogleService-Info.plist */,
			);
			path = UberClone;
			sourceTree = "<group>";
		};
		C9D698A223DB614900D6C23E /* Utilities */ = {
			isa = PBXGroup;
			children = (
				C9D698AA23DB837700D6C23E /* extensions.swift */,
			);
			path = Utilities;
			sourceTree = "<group>";
		};
		C9D698A423DB615900D6C23E /* Service */ = {
			isa = PBXGroup;
			children = (
				C90B2B8A23DE88B0009A0EBE /* Service.swift */,
				C90B2B8E23DE9D2C009A0EBE /* LocationHandler.swift */,
			);
			path = Service;
			sourceTree = "<group>";
		};
		C9D698A523DB615C00D6C23E /* Controller */ = {
			isa = PBXGroup;
			children = (
				C9D698A823DB63AD00D6C23E /* LoginController.swift */,
				C9D698AC23DBC0AB00D6C23E /* SignUpController.swift */,
				C90B2B8223DCB5ED009A0EBE /* HomeController.swift */,
			);
			path = Controller;
			sourceTree = "<group>";
		};
		C9D698A623DB615E00D6C23E /* View */ = {
			isa = PBXGroup;
			children = (
				C9D698AE23DBCF7900D6C23E /* AuthButton.swift */,
				C90B2B8423DD23AB009A0EBE /* LocationInputActivationView.swift */,
				C90B2B8623DD30A7009A0EBE /* LocationInputView.swift */,
				C90B2B8823DE0E06009A0EBE /* LocationCell.swift */,
				C9A3C1ED23E27D98008A0915 /* RideActionView.swift */,
			);
			path = View;
			sourceTree = "<group>";
		};
		C9D698A723DB616100D6C23E /* Model */ = {
			isa = PBXGroup;
			children = (
				C90B2B8C23DE93A1009A0EBE /* User.swift */,
				C90B2B9023DFCCEF009A0EBE /* DriverAnnotation.swift */,
			);
			path = Model;
			sourceTree = "<group>";
		};
/* End PBXGroup section */

/* Begin PBXNativeTarget section */
		C9D6988A23DB60A500D6C23E /* UberClone */ = {
			isa = PBXNativeTarget;
			buildConfigurationList = C9D6989F23DB60A600D6C23E /* Build configuration list for PBXNativeTarget "UberClone" */;
			buildPhases = (
				06E582DB50711F985428E7E5 /* [CP] Check Pods Manifest.lock */,
				C9D6988723DB60A500D6C23E /* Sources */,
				C9D6988823DB60A500D6C23E /* Frameworks */,
				C9D6988923DB60A500D6C23E /* Resources */,
				852210B266F48D888963F286 /* [CP] Embed Pods Frameworks */,
			);
			buildRules = (
			);
			dependencies = (
			);
			name = UberClone;
			productName = UberClone;
			productReference = C9D6988B23DB60A500D6C23E /* UberClone.app */;
			productType = "com.apple.product-type.application";
		};
/* End PBXNativeTarget section */

/* Begin PBXProject section */
		C9D6988323DB60A500D6C23E /* Project object */ = {
			isa = PBXProject;
			attributes = {
				LastSwiftUpdateCheck = 1130;
				LastUpgradeCheck = 1130;
				ORGANIZATIONNAME = "Vishal Lakshminarayanappa";
				TargetAttributes = {
					C9D6988A23DB60A500D6C23E = {
						CreatedOnToolsVersion = 11.3.1;
					};
				};
			};
			buildConfigurationList = C9D6988623DB60A500D6C23E /* Build configuration list for PBXProject "UberClone" */;
			compatibilityVersion = "Xcode 9.3";
			developmentRegion = en;
			hasScannedForEncodings = 0;
			knownRegions = (
				en,
				Base,
			);
			mainGroup = C9D6988223DB60A500D6C23E;
			productRefGroup = C9D6988C23DB60A500D6C23E /* Products */;
			projectDirPath = "";
			projectRoot = "";
			targets = (
				C9D6988A23DB60A500D6C23E /* UberClone */,
			);
		};
/* End PBXProject section */

/* Begin PBXResourcesBuildPhase section */
		C9D6988923DB60A500D6C23E /* Resources */ = {
			isa = PBXResourcesBuildPhase;
			buildActionMask = 2147483647;
			files = (
				C9D6989B23DB60A600D6C23E /* LaunchScreen.storyboard in Resources */,
				C9D698B123DBD81F00D6C23E /* GoogleService-Info.plist in Resources */,
				C9D6989823DB60A600D6C23E /* Assets.xcassets in Resources */,
				C9D6989623DB60A500D6C23E /* Main.storyboard in Resources */,
			);
			runOnlyForDeploymentPostprocessing = 0;
		};
/* End PBXResourcesBuildPhase section */

/* Begin PBXShellScriptBuildPhase section */
		06E582DB50711F985428E7E5 /* [CP] Check Pods Manifest.lock */ = {
			isa = PBXShellScriptBuildPhase;
			buildActionMask = 2147483647;
			files = (
			);
			inputFileListPaths = (
			);
			inputPaths = (
				"${PODS_PODFILE_DIR_PATH}/Podfile.lock",
				"${PODS_ROOT}/Manifest.lock",
			);
			name = "[CP] Check Pods Manifest.lock";
			outputFileListPaths = (
			);
			outputPaths = (
				"$(DERIVED_FILE_DIR)/Pods-UberClone-checkManifestLockResult.txt",
			);
			runOnlyForDeploymentPostprocessing = 0;
			shellPath = /bin/sh;
			shellScript = "diff \"${PODS_PODFILE_DIR_PATH}/Podfile.lock\" \"${PODS_ROOT}/Manifest.lock\" > /dev/null\nif [ $? != 0 ] ; then\n    # print error to STDERR\n    echo \"error: The sandbox is not in sync with the Podfile.lock. Run 'pod install' or update your CocoaPods installation.\" >&2\n    exit 1\nfi\n# This output is used by Xcode 'outputs' to avoid re-running this script phase.\necho \"SUCCESS\" > \"${SCRIPT_OUTPUT_FILE_0}\"\n";
			showEnvVarsInLog = 0;
		};
		852210B266F48D888963F286 /* [CP] Embed Pods Frameworks */ = {
			isa = PBXShellScriptBuildPhase;
			buildActionMask = 2147483647;
			files = (
			);
			inputFileListPaths = (
			);
			inputPaths = (
				"${PODS_ROOT}/Target Support Files/Pods-UberClone/Pods-UberClone-frameworks.sh",
				"${BUILT_PRODUCTS_DIR}/GTMSessionFetcher/GTMSessionFetcher.framework",
				"${BUILT_PRODUCTS_DIR}/GoogleUtilities/GoogleUtilities.framework",
				"${BUILT_PRODUCTS_DIR}/PromisesObjC/FBLPromises.framework",
				"${BUILT_PRODUCTS_DIR}/leveldb-library/leveldb.framework",
				"${BUILT_PRODUCTS_DIR}/nanopb/nanopb.framework",
			);
			name = "[CP] Embed Pods Frameworks";
			outputFileListPaths = (
			);
			outputPaths = (
				"${TARGET_BUILD_DIR}/${FRAMEWORKS_FOLDER_PATH}/GTMSessionFetcher.framework",
				"${TARGET_BUILD_DIR}/${FRAMEWORKS_FOLDER_PATH}/GoogleUtilities.framework",
				"${TARGET_BUILD_DIR}/${FRAMEWORKS_FOLDER_PATH}/FBLPromises.framework",
				"${TARGET_BUILD_DIR}/${FRAMEWORKS_FOLDER_PATH}/leveldb.framework",
				"${TARGET_BUILD_DIR}/${FRAMEWORKS_FOLDER_PATH}/nanopb.framework",
			);
			runOnlyForDeploymentPostprocessing = 0;
			shellPath = /bin/sh;
			shellScript = "\"${PODS_ROOT}/Target Support Files/Pods-UberClone/Pods-UberClone-frameworks.sh\"\n";
			showEnvVarsInLog = 0;
		};
/* End PBXShellScriptBuildPhase section */

/* Begin PBXSourcesBuildPhase section */
		C9D6988723DB60A500D6C23E /* Sources */ = {
			isa = PBXSourcesBuildPhase;
			buildActionMask = 2147483647;
			files = (
				C9D698AD23DBC0AB00D6C23E /* SignUpController.swift in Sources */,
				C9D698AF23DBCF7900D6C23E /* AuthButton.swift in Sources */,
				C90B2B8323DCB5ED009A0EBE /* HomeController.swift in Sources */,
				C90B2B8723DD30A7009A0EBE /* LocationInputView.swift in Sources */,
				C90B2B9123DFCCEF009A0EBE /* DriverAnnotation.swift in Sources */,
				C9D6988F23DB60A500D6C23E /* AppDelegate.swift in Sources */,
				C9D698A923DB63AD00D6C23E /* LoginController.swift in Sources */,
				C90B2B8923DE0E06009A0EBE /* LocationCell.swift in Sources */,
				C90B2B8F23DE9D2C009A0EBE /* LocationHandler.swift in Sources */,
				C9D6989123DB60A500D6C23E /* SceneDelegate.swift in Sources */,
				C9A3C1EE23E27D98008A0915 /* RideActionView.swift in Sources */,
				C90B2B8D23DE93A1009A0EBE /* User.swift in Sources */,
				C90B2B8B23DE88B0009A0EBE /* Service.swift in Sources */,
				C90B2B8523DD23AB009A0EBE /* LocationInputActivationView.swift in Sources */,
				C9D698AB23DB837700D6C23E /* extensions.swift in Sources */,
			);
			runOnlyForDeploymentPostprocessing = 0;
		};
/* End PBXSourcesBuildPhase section */

/* Begin PBXVariantGroup section */
		C9D6989423DB60A500D6C23E /* Main.storyboard */ = {
			isa = PBXVariantGroup;
			children = (
				C9D6989523DB60A500D6C23E /* Base */,
			);
			name = Main.storyboard;
			sourceTree = "<group>";
		};
		C9D6989923DB60A600D6C23E /* LaunchScreen.storyboard */ = {
			isa = PBXVariantGroup;
			children = (
				C9D6989A23DB60A600D6C23E /* Base */,
			);
			name = LaunchScreen.storyboard;
			sourceTree = "<group>";
		};
/* End PBXVariantGroup section */

/* Begin XCBuildConfiguration section */
		C9D6989D23DB60A600D6C23E /* Debug */ = {
			isa = XCBuildConfiguration;
			buildSettings = {
				ALWAYS_SEARCH_USER_PATHS = NO;
				CLANG_ANALYZER_NONNULL = YES;
				CLANG_ANALYZER_NUMBER_OBJECT_CONVERSION = YES_AGGRESSIVE;
				CLANG_CXX_LANGUAGE_STANDARD = "gnu++14";
				CLANG_CXX_LIBRARY = "libc++";
				CLANG_ENABLE_MODULES = YES;
				CLANG_ENABLE_OBJC_ARC = YES;
				CLANG_ENABLE_OBJC_WEAK = YES;
				CLANG_WARN_BLOCK_CAPTURE_AUTORELEASING = YES;
				CLANG_WARN_BOOL_CONVERSION = YES;
				CLANG_WARN_COMMA = YES;
				CLANG_WARN_CONSTANT_CONVERSION = YES;
				CLANG_WARN_DEPRECATED_OBJC_IMPLEMENTATIONS = YES;
				CLANG_WARN_DIRECT_OBJC_ISA_USAGE = YES_ERROR;
				CLANG_WARN_DOCUMENTATION_COMMENTS = YES;
				CLANG_WARN_EMPTY_BODY = YES;
				CLANG_WARN_ENUM_CONVERSION = YES;
				CLANG_WARN_INFINITE_RECURSION = YES;
				CLANG_WARN_INT_CONVERSION = YES;
				CLANG_WARN_NON_LITERAL_NULL_CONVERSION = YES;
				CLANG_WARN_OBJC_IMPLICIT_RETAIN_SELF = YES;
				CLANG_WARN_OBJC_LITERAL_CONVERSION = YES;
				CLANG_WARN_OBJC_ROOT_CLASS = YES_ERROR;
				CLANG_WARN_RANGE_LOOP_ANALYSIS = YES;
				CLANG_WARN_STRICT_PROTOTYPES = YES;
				CLANG_WARN_SUSPICIOUS_MOVE = YES;
				CLANG_WARN_UNGUARDED_AVAILABILITY = YES_AGGRESSIVE;
				CLANG_WARN_UNREACHABLE_CODE = YES;
				CLANG_WARN__DUPLICATE_METHOD_MATCH = YES;
				COPY_PHASE_STRIP = NO;
				DEBUG_INFORMATION_FORMAT = dwarf;
				ENABLE_STRICT_OBJC_MSGSEND = YES;
				ENABLE_TESTABILITY = YES;
				GCC_C_LANGUAGE_STANDARD = gnu11;
				GCC_DYNAMIC_NO_PIC = NO;
				GCC_NO_COMMON_BLOCKS = YES;
				GCC_OPTIMIZATION_LEVEL = 0;
				GCC_PREPROCESSOR_DEFINITIONS = (
					"DEBUG=1",
					"$(inherited)",
				);
				GCC_WARN_64_TO_32_BIT_CONVERSION = YES;
				GCC_WARN_ABOUT_RETURN_TYPE = YES_ERROR;
				GCC_WARN_UNDECLARED_SELECTOR = YES;
				GCC_WARN_UNINITIALIZED_AUTOS = YES_AGGRESSIVE;
				GCC_WARN_UNUSED_FUNCTION = YES;
				GCC_WARN_UNUSED_VARIABLE = YES;
				IPHONEOS_DEPLOYMENT_TARGET = 13.2;
				MTL_ENABLE_DEBUG_INFO = INCLUDE_SOURCE;
				MTL_FAST_MATH = YES;
				ONLY_ACTIVE_ARCH = YES;
				SDKROOT = iphoneos;
				SWIFT_ACTIVE_COMPILATION_CONDITIONS = DEBUG;
				SWIFT_OPTIMIZATION_LEVEL = "-Onone";
			};
			name = Debug;
		};
		C9D6989E23DB60A600D6C23E /* Release */ = {
			isa = XCBuildConfiguration;
			buildSettings = {
				ALWAYS_SEARCH_USER_PATHS = NO;
				CLANG_ANALYZER_NONNULL = YES;
				CLANG_ANALYZER_NUMBER_OBJECT_CONVERSION = YES_AGGRESSIVE;
				CLANG_CXX_LANGUAGE_STANDARD = "gnu++14";
				CLANG_CXX_LIBRARY = "libc++";
				CLANG_ENABLE_MODULES = YES;
				CLANG_ENABLE_OBJC_ARC = YES;
				CLANG_ENABLE_OBJC_WEAK = YES;
				CLANG_WARN_BLOCK_CAPTURE_AUTORELEASING = YES;
				CLANG_WARN_BOOL_CONVERSION = YES;
				CLANG_WARN_COMMA = YES;
				CLANG_WARN_CONSTANT_CONVERSION = YES;
				CLANG_WARN_DEPRECATED_OBJC_IMPLEMENTATIONS = YES;
				CLANG_WARN_DIRECT_OBJC_ISA_USAGE = YES_ERROR;
				CLANG_WARN_DOCUMENTATION_COMMENTS = YES;
				CLANG_WARN_EMPTY_BODY = YES;
				CLANG_WARN_ENUM_CONVERSION = YES;
				CLANG_WARN_INFINITE_RECURSION = YES;
				CLANG_WARN_INT_CONVERSION = YES;
				CLANG_WARN_NON_LITERAL_NULL_CONVERSION = YES;
				CLANG_WARN_OBJC_IMPLICIT_RETAIN_SELF = YES;
				CLANG_WARN_OBJC_LITERAL_CONVERSION = YES;
				CLANG_WARN_OBJC_ROOT_CLASS = YES_ERROR;
				CLANG_WARN_RANGE_LOOP_ANALYSIS = YES;
				CLANG_WARN_STRICT_PROTOTYPES = YES;
				CLANG_WARN_SUSPICIOUS_MOVE = YES;
				CLANG_WARN_UNGUARDED_AVAILABILITY = YES_AGGRESSIVE;
				CLANG_WARN_UNREACHABLE_CODE = YES;
				CLANG_WARN__DUPLICATE_METHOD_MATCH = YES;
				COPY_PHASE_STRIP = NO;
				DEBUG_INFORMATION_FORMAT = "dwarf-with-dsym";
				ENABLE_NS_ASSERTIONS = NO;
				ENABLE_STRICT_OBJC_MSGSEND = YES;
				GCC_C_LANGUAGE_STANDARD = gnu11;
				GCC_NO_COMMON_BLOCKS = YES;
				GCC_WARN_64_TO_32_BIT_CONVERSION = YES;
				GCC_WARN_ABOUT_RETURN_TYPE = YES_ERROR;
				GCC_WARN_UNDECLARED_SELECTOR = YES;
				GCC_WARN_UNINITIALIZED_AUTOS = YES_AGGRESSIVE;
				GCC_WARN_UNUSED_FUNCTION = YES;
				GCC_WARN_UNUSED_VARIABLE = YES;
				IPHONEOS_DEPLOYMENT_TARGET = 13.2;
				MTL_ENABLE_DEBUG_INFO = NO;
				MTL_FAST_MATH = YES;
				SDKROOT = iphoneos;
				SWIFT_COMPILATION_MODE = wholemodule;
				SWIFT_OPTIMIZATION_LEVEL = "-O";
				VALIDATE_PRODUCT = YES;
			};
			name = Release;
		};
		C9D698A023DB60A600D6C23E /* Debug */ = {
			isa = XCBuildConfiguration;
			baseConfigurationReference = 7F7A2441B1257D54FC3E19A1 /* Pods-UberClone.debug.xcconfig */;
			buildSettings = {
				ASSETCATALOG_COMPILER_APPICON_NAME = AppIcon;
				CODE_SIGN_STYLE = Automatic;
				DEVELOPMENT_TEAM = 995G279WKS;
				INFOPLIST_FILE = UberClone/Info.plist;
				LD_RUNPATH_SEARCH_PATHS = (
					"$(inherited)",
					"@executable_path/Frameworks",
				);
				PRODUCT_BUNDLE_IDENTIFIER = com.vxl5058.UberClone;
				PRODUCT_NAME = "$(TARGET_NAME)";
				SWIFT_VERSION = 5.0;
				TARGETED_DEVICE_FAMILY = "1,2";
			};
			name = Debug;
		};
		C9D698A123DB60A600D6C23E /* Release */ = {
			isa = XCBuildConfiguration;
			baseConfigurationReference = 76E1E663C25273FEA66FE322 /* Pods-UberClone.release.xcconfig */;
			buildSettings = {
				ASSETCATALOG_COMPILER_APPICON_NAME = AppIcon;
				CODE_SIGN_STYLE = Automatic;
				DEVELOPMENT_TEAM = 995G279WKS;
				INFOPLIST_FILE = UberClone/Info.plist;
				LD_RUNPATH_SEARCH_PATHS = (
					"$(inherited)",
					"@executable_path/Frameworks",
				);
				PRODUCT_BUNDLE_IDENTIFIER = com.vxl5058.UberClone;
				PRODUCT_NAME = "$(TARGET_NAME)";
				SWIFT_VERSION = 5.0;
				TARGETED_DEVICE_FAMILY = "1,2";
			};
			name = Release;
		};
/* End XCBuildConfiguration section */

/* Begin XCConfigurationList section */
		C9D6988623DB60A500D6C23E /* Build configuration list for PBXProject "UberClone" */ = {
			isa = XCConfigurationList;
			buildConfigurations = (
				C9D6989D23DB60A600D6C23E /* Debug */,
				C9D6989E23DB60A600D6C23E /* Release */,
			);
			defaultConfigurationIsVisible = 0;
			defaultConfigurationName = Release;
		};
		C9D6989F23DB60A600D6C23E /* Build configuration list for PBXNativeTarget "UberClone" */ = {
			isa = XCConfigurationList;
			buildConfigurations = (
				C9D698A023DB60A600D6C23E /* Debug */,
				C9D698A123DB60A600D6C23E /* Release */,
			);
			defaultConfigurationIsVisible = 0;
			defaultConfigurationName = Release;
		};
/* End XCConfigurationList section */
	};
	rootObject = C9D6988323DB60A500D6C23E /* Project object */;
}
